
Microsoft Visual Studio Solution File, Format Version 12.00
# Visual Studio Version 16
VisualStudioVersion = 16.0.30114.105
MinimumVisualStudioVersion = 10.0.40219.1
Project("{2150E333-8FDC-42A3-9474-1A3956D46DE8}") = "TicketPal.Tests", "TicketPal.Tests", "{71677DCD-2BCD-414A-81FD-0F823AE6DF7B}"
EndProject
Project("{FAE04EC0-301F-11D3-BF4B-00C04F79EFBC}") = "TicketPal.DataAccess.Tests", "TicketPal.Tests\TicketPal.DataAccess.Tests\TicketPal.DataAccess.Tests.csproj", "{38E9C8C6-62DD-41C8-B0AA-DA7B9E26F5F4}"
EndProject
Project("{FAE04EC0-301F-11D3-BF4B-00C04F79EFBC}") = "TicketPal.Domain.Tests", "TicketPal.Tests\TicketPal.Domain.Tests\TicketPal.Domain.Tests.csproj", "{D711C6D2-C54F-4E88-9DDC-E0968B6B53C9}"
EndProject
Project("{FAE04EC0-301F-11D3-BF4B-00C04F79EFBC}") = "TicketPal.Factory.Tests", "TicketPal.Tests\TicketPal.Factory.Tests\TicketPal.Factory.Tests.csproj", "{01073A87-8D80-46AD-BF8C-472BAC4DB12E}"
EndProject
Project("{FAE04EC0-301F-11D3-BF4B-00C04F79EFBC}") = "TicketPal.WebApi.Tests", "TicketPal.Tests\TicketPal.WebApi.Tests\TicketPal.WebApi.Tests.csproj", "{E761960E-E69C-4E09-A8F6-F8BFD332B5A2}"
EndProject
Project("{2150E333-8FDC-42A3-9474-1A3956D46DE8}") = "TicketPal", "TicketPal", "{830F8138-5019-40A7-AEBF-E844A10CE93A}"
EndProject
Project("{FAE04EC0-301F-11D3-BF4B-00C04F79EFBC}") = "TicketPal.Domain", "TicketPal\TicketPal.Domain\TicketPal.Domain.csproj", "{59C7FE0A-B5AE-454A-9556-672EB92E2E3E}"
EndProject
Project("{FAE04EC0-301F-11D3-BF4B-00C04F79EFBC}") = "TicketPal.DataAccess", "TicketPal\TicketPal.DataAccess\TicketPal.DataAccess.csproj", "{2D4A3221-03DE-49D6-ACA8-B19B2B7A64E1}"
EndProject
Project("{FAE04EC0-301F-11D3-BF4B-00C04F79EFBC}") = "TicketPal.Factory", "TicketPal\TicketPal.Factory\TicketPal.Factory.csproj", "{07297ED8-7491-4D00-8169-57AA8A74B811}"
EndProject
Project("{FAE04EC0-301F-11D3-BF4B-00C04F79EFBC}") = "TicketPal.Interfaces", "TicketPal\TicketPal.Interfaces\TicketPal.Interfaces.csproj", "{9C6A0515-282F-4CAB-A2EE-B1A24C62A938}"
EndProject
Project("{FAE04EC0-301F-11D3-BF4B-00C04F79EFBC}") = "TicketPal.WebApi", "TicketPal\TicketPal.WebApi\TicketPal.WebApi.csproj", "{9F73D426-9457-4D56-BDA3-2ECADBB5AF0A}"
EndProject
Project("{FAE04EC0-301F-11D3-BF4B-00C04F79EFBC}") = "TicketPal.BusinessLogic", "TicketPal\TicketPal.BusinessLogic\TicketPal.BusinessLogic.csproj", "{14AE9AE3-DE3D-486A-87C2-19DEC2B1C996}"
EndProject
Global
	GlobalSection(SolutionConfigurationPlatforms) = preSolution
		Debug|Any CPU = Debug|Any CPU
		Debug|x64 = Debug|x64
		Debug|x86 = Debug|x86
		Release|Any CPU = Release|Any CPU
		Release|x64 = Release|x64
		Release|x86 = Release|x86
	EndGlobalSection
	GlobalSection(SolutionProperties) = preSolution
		HideSolutionNode = FALSE
	EndGlobalSection
	GlobalSection(ProjectConfigurationPlatforms) = postSolution
		{38E9C8C6-62DD-41C8-B0AA-DA7B9E26F5F4}.Debug|Any CPU.ActiveCfg = Debug|Any CPU
		{38E9C8C6-62DD-41C8-B0AA-DA7B9E26F5F4}.Debug|Any CPU.Build.0 = Debug|Any CPU
		{38E9C8C6-62DD-41C8-B0AA-DA7B9E26F5F4}.Debug|x64.ActiveCfg = Debug|Any CPU
		{38E9C8C6-62DD-41C8-B0AA-DA7B9E26F5F4}.Debug|x64.Build.0 = Debug|Any CPU
		{38E9C8C6-62DD-41C8-B0AA-DA7B9E26F5F4}.Debug|x86.ActiveCfg = Debug|Any CPU
		{38E9C8C6-62DD-41C8-B0AA-DA7B9E26F5F4}.Debug|x86.Build.0 = Debug|Any CPU
		{38E9C8C6-62DD-41C8-B0AA-DA7B9E26F5F4}.Release|Any CPU.ActiveCfg = Release|Any CPU
		{38E9C8C6-62DD-41C8-B0AA-DA7B9E26F5F4}.Release|Any CPU.Build.0 = Release|Any CPU
		{38E9C8C6-62DD-41C8-B0AA-DA7B9E26F5F4}.Release|x64.ActiveCfg = Release|Any CPU
		{38E9C8C6-62DD-41C8-B0AA-DA7B9E26F5F4}.Release|x64.Build.0 = Release|Any CPU
		{38E9C8C6-62DD-41C8-B0AA-DA7B9E26F5F4}.Release|x86.ActiveCfg = Release|Any CPU
		{38E9C8C6-62DD-41C8-B0AA-DA7B9E26F5F4}.Release|x86.Build.0 = Release|Any CPU
		{D711C6D2-C54F-4E88-9DDC-E0968B6B53C9}.Debug|Any CPU.ActiveCfg = Debug|Any CPU
		{D711C6D2-C54F-4E88-9DDC-E0968B6B53C9}.Debug|Any CPU.Build.0 = Debug|Any CPU
		{D711C6D2-C54F-4E88-9DDC-E0968B6B53C9}.Debug|x64.ActiveCfg = Debug|Any CPU
		{D711C6D2-C54F-4E88-9DDC-E0968B6B53C9}.Debug|x64.Build.0 = Debug|Any CPU
		{D711C6D2-C54F-4E88-9DDC-E0968B6B53C9}.Debug|x86.ActiveCfg = Debug|Any CPU
		{D711C6D2-C54F-4E88-9DDC-E0968B6B53C9}.Debug|x86.Build.0 = Debug|Any CPU
		{D711C6D2-C54F-4E88-9DDC-E0968B6B53C9}.Release|Any CPU.ActiveCfg = Release|Any CPU
		{D711C6D2-C54F-4E88-9DDC-E0968B6B53C9}.Release|Any CPU.Build.0 = Release|Any CPU
		{D711C6D2-C54F-4E88-9DDC-E0968B6B53C9}.Release|x64.ActiveCfg = Release|Any CPU
		{D711C6D2-C54F-4E88-9DDC-E0968B6B53C9}.Release|x64.Build.0 = Release|Any CPU
		{D711C6D2-C54F-4E88-9DDC-E0968B6B53C9}.Release|x86.ActiveCfg = Release|Any CPU
		{D711C6D2-C54F-4E88-9DDC-E0968B6B53C9}.Release|x86.Build.0 = Release|Any CPU
		{01073A87-8D80-46AD-BF8C-472BAC4DB12E}.Debug|Any CPU.ActiveCfg = Debug|Any CPU
		{01073A87-8D80-46AD-BF8C-472BAC4DB12E}.Debug|Any CPU.Build.0 = Debug|Any CPU
		{01073A87-8D80-46AD-BF8C-472BAC4DB12E}.Debug|x64.ActiveCfg = Debug|Any CPU
		{01073A87-8D80-46AD-BF8C-472BAC4DB12E}.Debug|x64.Build.0 = Debug|Any CPU
		{01073A87-8D80-46AD-BF8C-472BAC4DB12E}.Debug|x86.ActiveCfg = Debug|Any CPU
		{01073A87-8D80-46AD-BF8C-472BAC4DB12E}.Debug|x86.Build.0 = Debug|Any CPU
		{01073A87-8D80-46AD-BF8C-472BAC4DB12E}.Release|Any CPU.ActiveCfg = Release|Any CPU
		{01073A87-8D80-46AD-BF8C-472BAC4DB12E}.Release|Any CPU.Build.0 = Release|Any CPU
		{01073A87-8D80-46AD-BF8C-472BAC4DB12E}.Release|x64.ActiveCfg = Release|Any CPU
		{01073A87-8D80-46AD-BF8C-472BAC4DB12E}.Release|x64.Build.0 = Release|Any CPU
		{01073A87-8D80-46AD-BF8C-472BAC4DB12E}.Release|x86.ActiveCfg = Release|Any CPU
		{01073A87-8D80-46AD-BF8C-472BAC4DB12E}.Release|x86.Build.0 = Release|Any CPU
		{E761960E-E69C-4E09-A8F6-F8BFD332B5A2}.Debug|Any CPU.ActiveCfg = Debug|Any CPU
		{E761960E-E69C-4E09-A8F6-F8BFD332B5A2}.Debug|Any CPU.Build.0 = Debug|Any CPU
		{E761960E-E69C-4E09-A8F6-F8BFD332B5A2}.Debug|x64.ActiveCfg = Debug|Any CPU
		{E761960E-E69C-4E09-A8F6-F8BFD332B5A2}.Debug|x64.Build.0 = Debug|Any CPU
		{E761960E-E69C-4E09-A8F6-F8BFD332B5A2}.Debug|x86.ActiveCfg = Debug|Any CPU
		{E761960E-E69C-4E09-A8F6-F8BFD332B5A2}.Debug|x86.Build.0 = Debug|Any CPU
		{E761960E-E69C-4E09-A8F6-F8BFD332B5A2}.Release|Any CPU.ActiveCfg = Release|Any CPU
		{E761960E-E69C-4E09-A8F6-F8BFD332B5A2}.Release|Any CPU.Build.0 = Release|Any CPU
		{E761960E-E69C-4E09-A8F6-F8BFD332B5A2}.Release|x64.ActiveCfg = Release|Any CPU
		{E761960E-E69C-4E09-A8F6-F8BFD332B5A2}.Release|x64.Build.0 = Release|Any CPU
		{E761960E-E69C-4E09-A8F6-F8BFD332B5A2}.Release|x86.ActiveCfg = Release|Any CPU
		{E761960E-E69C-4E09-A8F6-F8BFD332B5A2}.Release|x86.Build.0 = Release|Any CPU
		{59C7FE0A-B5AE-454A-9556-672EB92E2E3E}.Debug|Any CPU.ActiveCfg = Debug|Any CPU
		{59C7FE0A-B5AE-454A-9556-672EB92E2E3E}.Debug|Any CPU.Build.0 = Debug|Any CPU
		{59C7FE0A-B5AE-454A-9556-672EB92E2E3E}.Debug|x64.ActiveCfg = Debug|Any CPU
		{59C7FE0A-B5AE-454A-9556-672EB92E2E3E}.Debug|x64.Build.0 = Debug|Any CPU
		{59C7FE0A-B5AE-454A-9556-672EB92E2E3E}.Debug|x86.ActiveCfg = Debug|Any CPU
		{59C7FE0A-B5AE-454A-9556-672EB92E2E3E}.Debug|x86.Build.0 = Debug|Any CPU
		{59C7FE0A-B5AE-454A-9556-672EB92E2E3E}.Release|Any CPU.ActiveCfg = Release|Any CPU
		{59C7FE0A-B5AE-454A-9556-672EB92E2E3E}.Release|Any CPU.Build.0 = Release|Any CPU
		{59C7FE0A-B5AE-454A-9556-672EB92E2E3E}.Release|x64.ActiveCfg = Release|Any CPU
		{59C7FE0A-B5AE-454A-9556-672EB92E2E3E}.Release|x64.Build.0 = Release|Any CPU
		{59C7FE0A-B5AE-454A-9556-672EB92E2E3E}.Release|x86.ActiveCfg = Release|Any CPU
		{59C7FE0A-B5AE-454A-9556-672EB92E2E3E}.Release|x86.Build.0 = Release|Any CPU
		{2D4A3221-03DE-49D6-ACA8-B19B2B7A64E1}.Debug|Any CPU.ActiveCfg = Debug|Any CPU
		{2D4A3221-03DE-49D6-ACA8-B19B2B7A64E1}.Debug|Any CPU.Build.0 = Debug|Any CPU
		{2D4A3221-03DE-49D6-ACA8-B19B2B7A64E1}.Debug|x64.ActiveCfg = Debug|Any CPU
		{2D4A3221-03DE-49D6-ACA8-B19B2B7A64E1}.Debug|x64.Build.0 = Debug|Any CPU
		{2D4A3221-03DE-49D6-ACA8-B19B2B7A64E1}.Debug|x86.ActiveCfg = Debug|Any CPU
		{2D4A3221-03DE-49D6-ACA8-B19B2B7A64E1}.Debug|x86.Build.0 = Debug|Any CPU
		{2D4A3221-03DE-49D6-ACA8-B19B2B7A64E1}.Release|Any CPU.ActiveCfg = Release|Any CPU
		{2D4A3221-03DE-49D6-ACA8-B19B2B7A64E1}.Release|Any CPU.Build.0 = Release|Any CPU
		{2D4A3221-03DE-49D6-ACA8-B19B2B7A64E1}.Release|x64.ActiveCfg = Release|Any CPU
		{2D4A3221-03DE-49D6-ACA8-B19B2B7A64E1}.Release|x64.Build.0 = Release|Any CPU
		{2D4A3221-03DE-49D6-ACA8-B19B2B7A64E1}.Release|x86.ActiveCfg = Release|Any CPU
		{2D4A3221-03DE-49D6-ACA8-B19B2B7A64E1}.Release|x86.Build.0 = Release|Any CPU
		{07297ED8-7491-4D00-8169-57AA8A74B811}.Debug|Any CPU.ActiveCfg = Debug|Any CPU
		{07297ED8-7491-4D00-8169-57AA8A74B811}.Debug|Any CPU.Build.0 = Debug|Any CPU
		{07297ED8-7491-4D00-8169-57AA8A74B811}.Debug|x64.ActiveCfg = Debug|Any CPU
		{07297ED8-7491-4D00-8169-57AA8A74B811}.Debug|x64.Build.0 = Debug|Any CPU
		{07297ED8-7491-4D00-8169-57AA8A74B811}.Debug|x86.ActiveCfg = Debug|Any CPU
		{07297ED8-7491-4D00-8169-57AA8A74B811}.Debug|x86.Build.0 = Debug|Any CPU
		{07297ED8-7491-4D00-8169-57AA8A74B811}.Release|Any CPU.ActiveCfg = Release|Any CPU
		{07297ED8-7491-4D00-8169-57AA8A74B811}.Release|Any CPU.Build.0 = Release|Any CPU
		{07297ED8-7491-4D00-8169-57AA8A74B811}.Release|x64.ActiveCfg = Release|Any CPU
		{07297ED8-7491-4D00-8169-57AA8A74B811}.Release|x64.Build.0 = Release|Any CPU
		{07297ED8-7491-4D00-8169-57AA8A74B811}.Release|x86.ActiveCfg = Release|Any CPU
		{07297ED8-7491-4D00-8169-57AA8A74B811}.Release|x86.Build.0 = Release|Any CPU
		{9C6A0515-282F-4CAB-A2EE-B1A24C62A938}.Debug|Any CPU.ActiveCfg = Debug|Any CPU
		{9C6A0515-282F-4CAB-A2EE-B1A24C62A938}.Debug|Any CPU.Build.0 = Debug|Any CPU
		{9C6A0515-282F-4CAB-A2EE-B1A24C62A938}.Debug|x64.ActiveCfg = Debug|Any CPU
		{9C6A0515-282F-4CAB-A2EE-B1A24C62A938}.Debug|x64.Build.0 = Debug|Any CPU
		{9C6A0515-282F-4CAB-A2EE-B1A24C62A938}.Debug|x86.ActiveCfg = Debug|Any CPU
		{9C6A0515-282F-4CAB-A2EE-B1A24C62A938}.Debug|x86.Build.0 = Debug|Any CPU
		{9C6A0515-282F-4CAB-A2EE-B1A24C62A938}.Release|Any CPU.ActiveCfg = Release|Any CPU
		{9C6A0515-282F-4CAB-A2EE-B1A24C62A938}.Release|Any CPU.Build.0 = Release|Any CPU
		{9C6A0515-282F-4CAB-A2EE-B1A24C62A938}.Release|x64.ActiveCfg = Release|Any CPU
		{9C6A0515-282F-4CAB-A2EE-B1A24C62A938}.Release|x64.Build.0 = Release|Any CPU
		{9C6A0515-282F-4CAB-A2EE-B1A24C62A938}.Release|x86.ActiveCfg = Release|Any CPU
		{9C6A0515-282F-4CAB-A2EE-B1A24C62A938}.Release|x86.Build.0 = Release|Any CPU
		{9F73D426-9457-4D56-BDA3-2ECADBB5AF0A}.Debug|Any CPU.ActiveCfg = Debug|Any CPU
		{9F73D426-9457-4D56-BDA3-2ECADBB5AF0A}.Debug|Any CPU.Build.0 = Debug|Any CPU
		{9F73D426-9457-4D56-BDA3-2ECADBB5AF0A}.Debug|x64.ActiveCfg = Debug|Any CPU
		{9F73D426-9457-4D56-BDA3-2ECADBB5AF0A}.Debug|x64.Build.0 = Debug|Any CPU
		{9F73D426-9457-4D56-BDA3-2ECADBB5AF0A}.Debug|x86.ActiveCfg = Debug|Any CPU
		{9F73D426-9457-4D56-BDA3-2ECADBB5AF0A}.Debug|x86.Build.0 = Debug|Any CPU
		{9F73D426-9457-4D56-BDA3-2ECADBB5AF0A}.Release|Any CPU.ActiveCfg = Release|Any CPU
		{9F73D426-9457-4D56-BDA3-2ECADBB5AF0A}.Release|Any CPU.Build.0 = Release|Any CPU
		{9F73D426-9457-4D56-BDA3-2ECADBB5AF0A}.Release|x64.ActiveCfg = Release|Any CPU
		{9F73D426-9457-4D56-BDA3-2ECADBB5AF0A}.Release|x64.Build.0 = Release|Any CPU
		{9F73D426-9457-4D56-BDA3-2ECADBB5AF0A}.Release|x86.ActiveCfg = Release|Any CPU
		{9F73D426-9457-4D56-BDA3-2ECADBB5AF0A}.Release|x86.Build.0 = Release|Any CPU
		{14AE9AE3-DE3D-486A-87C2-19DEC2B1C996}.Debug|Any CPU.ActiveCfg = Debug|Any CPU
		{14AE9AE3-DE3D-486A-87C2-19DEC2B1C996}.Debug|Any CPU.Build.0 = Debug|Any CPU
		{14AE9AE3-DE3D-486A-87C2-19DEC2B1C996}.Debug|x64.ActiveCfg = Debug|Any CPU
		{14AE9AE3-DE3D-486A-87C2-19DEC2B1C996}.Debug|x64.Build.0 = Debug|Any CPU
		{14AE9AE3-DE3D-486A-87C2-19DEC2B1C996}.Debug|x86.ActiveCfg = Debug|Any CPU
		{14AE9AE3-DE3D-486A-87C2-19DEC2B1C996}.Debug|x86.Build.0 = Debug|Any CPU
		{14AE9AE3-DE3D-486A-87C2-19DEC2B1C996}.Release|Any CPU.ActiveCfg = Release|Any CPU
		{14AE9AE3-DE3D-486A-87C2-19DEC2B1C996}.Release|Any CPU.Build.0 = Release|Any CPU
		{14AE9AE3-DE3D-486A-87C2-19DEC2B1C996}.Release|x64.ActiveCfg = Release|Any CPU
		{14AE9AE3-DE3D-486A-87C2-19DEC2B1C996}.Release|x64.Build.0 = Release|Any CPU
		{14AE9AE3-DE3D-486A-87C2-19DEC2B1C996}.Release|x86.ActiveCfg = Release|Any CPU
		{14AE9AE3-DE3D-486A-87C2-19DEC2B1C996}.Release|x86.Build.0 = Release|Any CPU
	EndGlobalSection
	GlobalSection(NestedProjects) = preSolution
		{38E9C8C6-62DD-41C8-B0AA-DA7B9E26F5F4} = {71677DCD-2BCD-414A-81FD-0F823AE6DF7B}
		{D711C6D2-C54F-4E88-9DDC-E0968B6B53C9} = {71677DCD-2BCD-414A-81FD-0F823AE6DF7B}
		{01073A87-8D80-46AD-BF8C-472BAC4DB12E} = {71677DCD-2BCD-414A-81FD-0F823AE6DF7B}
		{E761960E-E69C-4E09-A8F6-F8BFD332B5A2} = {71677DCD-2BCD-414A-81FD-0F823AE6DF7B}
		{59C7FE0A-B5AE-454A-9556-672EB92E2E3E} = {830F8138-5019-40A7-AEBF-E844A10CE93A}
		{2D4A3221-03DE-49D6-ACA8-B19B2B7A64E1} = {830F8138-5019-40A7-AEBF-E844A10CE93A}
		{07297ED8-7491-4D00-8169-57AA8A74B811} = {830F8138-5019-40A7-AEBF-E844A10CE93A}
		{9C6A0515-282F-4CAB-A2EE-B1A24C62A938} = {830F8138-5019-40A7-AEBF-E844A10CE93A}
		{9F73D426-9457-4D56-BDA3-2ECADBB5AF0A} = {830F8138-5019-40A7-AEBF-E844A10CE93A}
		{14AE9AE3-DE3D-486A-87C2-19DEC2B1C996} = {830F8138-5019-40A7-AEBF-E844A10CE93A}
	EndGlobalSection
EndGlobal
