
Microsoft Visual Studio Solution File, Format Version 12.00
# Visual Studio Version 16
VisualStudioVersion = 16.0.30114.105
MinimumVisualStudioVersion = 10.0.40219.1
Project("{2150E333-8FDC-42A3-9474-1A3956D46DE8}") = "TicketPal.Api", "TicketPal.Api", "{7ACC1C08-FCCC-4AEC-9993-43FD5EF7EB3F}"
EndProject
Project("{FAE04EC0-301F-11D3-BF4B-00C04F79EFBC}") = "TicketPal.Api.WebApi", "TicketPal.Api\TicketPal.Api.WebApi\TicketPal.Api.WebApi.csproj", "{343951B1-A1F4-40D2-BBD6-CBBEBA23F0C6}"
EndProject
Project("{FAE04EC0-301F-11D3-BF4B-00C04F79EFBC}") = "TicketPal.Api.Domain", "TicketPal.Api\TicketPal.Api.Domain\TicketPal.Api.Domain.csproj", "{BC044088-CECE-460E-9437-1881B2F27C0E}"
EndProject
Project("{FAE04EC0-301F-11D3-BF4B-00C04F79EFBC}") = "TicketPal.Api.Interfaces", "TicketPal.Api\TicketPal.Api.Interfaces\TicketPal.Api.Interfaces.csproj", "{A7DA142E-42CE-4714-B227-C73E61A205F9}"
EndProject
Project("{FAE04EC0-301F-11D3-BF4B-00C04F79EFBC}") = "TicketPal.Api.Tests", "TicketPal.Api\TicketPal.Api.Tests\TicketPal.Api.Tests.csproj", "{B2BAE585-CCB4-4251-A451-3F01BFB40ADB}"
EndProject
Project("{2150E333-8FDC-42A3-9474-1A3956D46DE8}") = "TicketPal.DataAccess", "TicketPal.DataAccess", "{6732037E-FE4D-4BE4-96D5-45721F42E223}"
EndProject
Project("{FAE04EC0-301F-11D3-BF4B-00C04F79EFBC}") = "TicketPal.DataAccess.Repository", "TicketPal.DataAccess\TicketPal.DataAccess.Repository\TicketPal.DataAccess.Repository.csproj", "{0A23D780-655F-4E27-8D88-555EE8BC42F5}"
EndProject
Project("{FAE04EC0-301F-11D3-BF4B-00C04F79EFBC}") = "TicketPal.DataAccess.Domain", "TicketPal.DataAccess\TicketPal.DataAccess.Domain\TicketPal.DataAccess.Domain.csproj", "{4EE6C553-A603-4977-9BC0-F51A55217C2E}"
EndProject
Project("{FAE04EC0-301F-11D3-BF4B-00C04F79EFBC}") = "TicketPal.DataAccess.Interfaces", "TicketPal.DataAccess\TicketPal.DataAccess.Interfaces\TicketPal.DataAccess.Interfaces.csproj", "{DFDCB422-30F6-4F1E-B5B1-E0DC0E8F0ECA}"
EndProject
Project("{FAE04EC0-301F-11D3-BF4B-00C04F79EFBC}") = "TicketPal.DataAccess.Tests", "TicketPal.DataAccess\TicketPal.DataAccess.Tests\TicketPal.DataAccess.Tests.csproj", "{686CB7C3-62DD-4EA2-9348-6C86840937BD}"
EndProject
Global
	GlobalSection(SolutionConfigurationPlatforms) = preSolution
		Debug|Any CPU = Debug|Any CPU
		Debug|x64 = Debug|x64
		Debug|x86 = Debug|x86
		Release|Any CPU = Release|Any CPU
		Release|x64 = Release|x64
		Release|x86 = Release|x86
	EndGlobalSection
	GlobalSection(SolutionProperties) = preSolution
		HideSolutionNode = FALSE
	EndGlobalSection
	GlobalSection(ProjectConfigurationPlatforms) = postSolution
		{343951B1-A1F4-40D2-BBD6-CBBEBA23F0C6}.Debug|Any CPU.ActiveCfg = Debug|Any CPU
		{343951B1-A1F4-40D2-BBD6-CBBEBA23F0C6}.Debug|Any CPU.Build.0 = Debug|Any CPU
		{343951B1-A1F4-40D2-BBD6-CBBEBA23F0C6}.Debug|x64.ActiveCfg = Debug|Any CPU
		{343951B1-A1F4-40D2-BBD6-CBBEBA23F0C6}.Debug|x64.Build.0 = Debug|Any CPU
		{343951B1-A1F4-40D2-BBD6-CBBEBA23F0C6}.Debug|x86.ActiveCfg = Debug|Any CPU
		{343951B1-A1F4-40D2-BBD6-CBBEBA23F0C6}.Debug|x86.Build.0 = Debug|Any CPU
		{343951B1-A1F4-40D2-BBD6-CBBEBA23F0C6}.Release|Any CPU.ActiveCfg = Release|Any CPU
		{343951B1-A1F4-40D2-BBD6-CBBEBA23F0C6}.Release|Any CPU.Build.0 = Release|Any CPU
		{343951B1-A1F4-40D2-BBD6-CBBEBA23F0C6}.Release|x64.ActiveCfg = Release|Any CPU
		{343951B1-A1F4-40D2-BBD6-CBBEBA23F0C6}.Release|x64.Build.0 = Release|Any CPU
		{343951B1-A1F4-40D2-BBD6-CBBEBA23F0C6}.Release|x86.ActiveCfg = Release|Any CPU
		{343951B1-A1F4-40D2-BBD6-CBBEBA23F0C6}.Release|x86.Build.0 = Release|Any CPU
		{BC044088-CECE-460E-9437-1881B2F27C0E}.Debug|Any CPU.ActiveCfg = Debug|Any CPU
		{BC044088-CECE-460E-9437-1881B2F27C0E}.Debug|Any CPU.Build.0 = Debug|Any CPU
		{BC044088-CECE-460E-9437-1881B2F27C0E}.Debug|x64.ActiveCfg = Debug|Any CPU
		{BC044088-CECE-460E-9437-1881B2F27C0E}.Debug|x64.Build.0 = Debug|Any CPU
		{BC044088-CECE-460E-9437-1881B2F27C0E}.Debug|x86.ActiveCfg = Debug|Any CPU
		{BC044088-CECE-460E-9437-1881B2F27C0E}.Debug|x86.Build.0 = Debug|Any CPU
		{BC044088-CECE-460E-9437-1881B2F27C0E}.Release|Any CPU.ActiveCfg = Release|Any CPU
		{BC044088-CECE-460E-9437-1881B2F27C0E}.Release|Any CPU.Build.0 = Release|Any CPU
		{BC044088-CECE-460E-9437-1881B2F27C0E}.Release|x64.ActiveCfg = Release|Any CPU
		{BC044088-CECE-460E-9437-1881B2F27C0E}.Release|x64.Build.0 = Release|Any CPU
		{BC044088-CECE-460E-9437-1881B2F27C0E}.Release|x86.ActiveCfg = Release|Any CPU
		{BC044088-CECE-460E-9437-1881B2F27C0E}.Release|x86.Build.0 = Release|Any CPU
		{A7DA142E-42CE-4714-B227-C73E61A205F9}.Debug|Any CPU.ActiveCfg = Debug|Any CPU
		{A7DA142E-42CE-4714-B227-C73E61A205F9}.Debug|Any CPU.Build.0 = Debug|Any CPU
		{A7DA142E-42CE-4714-B227-C73E61A205F9}.Debug|x64.ActiveCfg = Debug|Any CPU
		{A7DA142E-42CE-4714-B227-C73E61A205F9}.Debug|x64.Build.0 = Debug|Any CPU
		{A7DA142E-42CE-4714-B227-C73E61A205F9}.Debug|x86.ActiveCfg = Debug|Any CPU
		{A7DA142E-42CE-4714-B227-C73E61A205F9}.Debug|x86.Build.0 = Debug|Any CPU
		{A7DA142E-42CE-4714-B227-C73E61A205F9}.Release|Any CPU.ActiveCfg = Release|Any CPU
		{A7DA142E-42CE-4714-B227-C73E61A205F9}.Release|Any CPU.Build.0 = Release|Any CPU
		{A7DA142E-42CE-4714-B227-C73E61A205F9}.Release|x64.ActiveCfg = Release|Any CPU
		{A7DA142E-42CE-4714-B227-C73E61A205F9}.Release|x64.Build.0 = Release|Any CPU
		{A7DA142E-42CE-4714-B227-C73E61A205F9}.Release|x86.ActiveCfg = Release|Any CPU
		{A7DA142E-42CE-4714-B227-C73E61A205F9}.Release|x86.Build.0 = Release|Any CPU
		{B2BAE585-CCB4-4251-A451-3F01BFB40ADB}.Debug|Any CPU.ActiveCfg = Debug|Any CPU
		{B2BAE585-CCB4-4251-A451-3F01BFB40ADB}.Debug|Any CPU.Build.0 = Debug|Any CPU
		{B2BAE585-CCB4-4251-A451-3F01BFB40ADB}.Debug|x64.ActiveCfg = Debug|Any CPU
		{B2BAE585-CCB4-4251-A451-3F01BFB40ADB}.Debug|x64.Build.0 = Debug|Any CPU
		{B2BAE585-CCB4-4251-A451-3F01BFB40ADB}.Debug|x86.ActiveCfg = Debug|Any CPU
		{B2BAE585-CCB4-4251-A451-3F01BFB40ADB}.Debug|x86.Build.0 = Debug|Any CPU
		{B2BAE585-CCB4-4251-A451-3F01BFB40ADB}.Release|Any CPU.ActiveCfg = Release|Any CPU
		{B2BAE585-CCB4-4251-A451-3F01BFB40ADB}.Release|Any CPU.Build.0 = Release|Any CPU
		{B2BAE585-CCB4-4251-A451-3F01BFB40ADB}.Release|x64.ActiveCfg = Release|Any CPU
		{B2BAE585-CCB4-4251-A451-3F01BFB40ADB}.Release|x64.Build.0 = Release|Any CPU
		{B2BAE585-CCB4-4251-A451-3F01BFB40ADB}.Release|x86.ActiveCfg = Release|Any CPU
		{B2BAE585-CCB4-4251-A451-3F01BFB40ADB}.Release|x86.Build.0 = Release|Any CPU
		{0A23D780-655F-4E27-8D88-555EE8BC42F5}.Debug|Any CPU.ActiveCfg = Debug|Any CPU
		{0A23D780-655F-4E27-8D88-555EE8BC42F5}.Debug|Any CPU.Build.0 = Debug|Any CPU
		{0A23D780-655F-4E27-8D88-555EE8BC42F5}.Debug|x64.ActiveCfg = Debug|Any CPU
		{0A23D780-655F-4E27-8D88-555EE8BC42F5}.Debug|x64.Build.0 = Debug|Any CPU
		{0A23D780-655F-4E27-8D88-555EE8BC42F5}.Debug|x86.ActiveCfg = Debug|Any CPU
		{0A23D780-655F-4E27-8D88-555EE8BC42F5}.Debug|x86.Build.0 = Debug|Any CPU
		{0A23D780-655F-4E27-8D88-555EE8BC42F5}.Release|Any CPU.ActiveCfg = Release|Any CPU
		{0A23D780-655F-4E27-8D88-555EE8BC42F5}.Release|Any CPU.Build.0 = Release|Any CPU
		{0A23D780-655F-4E27-8D88-555EE8BC42F5}.Release|x64.ActiveCfg = Release|Any CPU
		{0A23D780-655F-4E27-8D88-555EE8BC42F5}.Release|x64.Build.0 = Release|Any CPU
		{0A23D780-655F-4E27-8D88-555EE8BC42F5}.Release|x86.ActiveCfg = Release|Any CPU
		{0A23D780-655F-4E27-8D88-555EE8BC42F5}.Release|x86.Build.0 = Release|Any CPU
		{4EE6C553-A603-4977-9BC0-F51A55217C2E}.Debug|Any CPU.ActiveCfg = Debug|Any CPU
		{4EE6C553-A603-4977-9BC0-F51A55217C2E}.Debug|Any CPU.Build.0 = Debug|Any CPU
		{4EE6C553-A603-4977-9BC0-F51A55217C2E}.Debug|x64.ActiveCfg = Debug|Any CPU
		{4EE6C553-A603-4977-9BC0-F51A55217C2E}.Debug|x64.Build.0 = Debug|Any CPU
		{4EE6C553-A603-4977-9BC0-F51A55217C2E}.Debug|x86.ActiveCfg = Debug|Any CPU
		{4EE6C553-A603-4977-9BC0-F51A55217C2E}.Debug|x86.Build.0 = Debug|Any CPU
		{4EE6C553-A603-4977-9BC0-F51A55217C2E}.Release|Any CPU.ActiveCfg = Release|Any CPU
		{4EE6C553-A603-4977-9BC0-F51A55217C2E}.Release|Any CPU.Build.0 = Release|Any CPU
		{4EE6C553-A603-4977-9BC0-F51A55217C2E}.Release|x64.ActiveCfg = Release|Any CPU
		{4EE6C553-A603-4977-9BC0-F51A55217C2E}.Release|x64.Build.0 = Release|Any CPU
		{4EE6C553-A603-4977-9BC0-F51A55217C2E}.Release|x86.ActiveCfg = Release|Any CPU
		{4EE6C553-A603-4977-9BC0-F51A55217C2E}.Release|x86.Build.0 = Release|Any CPU
		{DFDCB422-30F6-4F1E-B5B1-E0DC0E8F0ECA}.Debug|Any CPU.ActiveCfg = Debug|Any CPU
		{DFDCB422-30F6-4F1E-B5B1-E0DC0E8F0ECA}.Debug|Any CPU.Build.0 = Debug|Any CPU
		{DFDCB422-30F6-4F1E-B5B1-E0DC0E8F0ECA}.Debug|x64.ActiveCfg = Debug|Any CPU
		{DFDCB422-30F6-4F1E-B5B1-E0DC0E8F0ECA}.Debug|x64.Build.0 = Debug|Any CPU
		{DFDCB422-30F6-4F1E-B5B1-E0DC0E8F0ECA}.Debug|x86.ActiveCfg = Debug|Any CPU
		{DFDCB422-30F6-4F1E-B5B1-E0DC0E8F0ECA}.Debug|x86.Build.0 = Debug|Any CPU
		{DFDCB422-30F6-4F1E-B5B1-E0DC0E8F0ECA}.Release|Any CPU.ActiveCfg = Release|Any CPU
		{DFDCB422-30F6-4F1E-B5B1-E0DC0E8F0ECA}.Release|Any CPU.Build.0 = Release|Any CPU
		{DFDCB422-30F6-4F1E-B5B1-E0DC0E8F0ECA}.Release|x64.ActiveCfg = Release|Any CPU
		{DFDCB422-30F6-4F1E-B5B1-E0DC0E8F0ECA}.Release|x64.Build.0 = Release|Any CPU
		{DFDCB422-30F6-4F1E-B5B1-E0DC0E8F0ECA}.Release|x86.ActiveCfg = Release|Any CPU
		{DFDCB422-30F6-4F1E-B5B1-E0DC0E8F0ECA}.Release|x86.Build.0 = Release|Any CPU
		{686CB7C3-62DD-4EA2-9348-6C86840937BD}.Debug|Any CPU.ActiveCfg = Debug|Any CPU
		{686CB7C3-62DD-4EA2-9348-6C86840937BD}.Debug|Any CPU.Build.0 = Debug|Any CPU
		{686CB7C3-62DD-4EA2-9348-6C86840937BD}.Debug|x64.ActiveCfg = Debug|Any CPU
		{686CB7C3-62DD-4EA2-9348-6C86840937BD}.Debug|x64.Build.0 = Debug|Any CPU
		{686CB7C3-62DD-4EA2-9348-6C86840937BD}.Debug|x86.ActiveCfg = Debug|Any CPU
		{686CB7C3-62DD-4EA2-9348-6C86840937BD}.Debug|x86.Build.0 = Debug|Any CPU
		{686CB7C3-62DD-4EA2-9348-6C86840937BD}.Release|Any CPU.ActiveCfg = Release|Any CPU
		{686CB7C3-62DD-4EA2-9348-6C86840937BD}.Release|Any CPU.Build.0 = Release|Any CPU
		{686CB7C3-62DD-4EA2-9348-6C86840937BD}.Release|x64.ActiveCfg = Release|Any CPU
		{686CB7C3-62DD-4EA2-9348-6C86840937BD}.Release|x64.Build.0 = Release|Any CPU
		{686CB7C3-62DD-4EA2-9348-6C86840937BD}.Release|x86.ActiveCfg = Release|Any CPU
		{686CB7C3-62DD-4EA2-9348-6C86840937BD}.Release|x86.Build.0 = Release|Any CPU
	EndGlobalSection
	GlobalSection(NestedProjects) = preSolution
		{343951B1-A1F4-40D2-BBD6-CBBEBA23F0C6} = {7ACC1C08-FCCC-4AEC-9993-43FD5EF7EB3F}
		{BC044088-CECE-460E-9437-1881B2F27C0E} = {7ACC1C08-FCCC-4AEC-9993-43FD5EF7EB3F}
		{A7DA142E-42CE-4714-B227-C73E61A205F9} = {7ACC1C08-FCCC-4AEC-9993-43FD5EF7EB3F}
		{B2BAE585-CCB4-4251-A451-3F01BFB40ADB} = {7ACC1C08-FCCC-4AEC-9993-43FD5EF7EB3F}
		{0A23D780-655F-4E27-8D88-555EE8BC42F5} = {6732037E-FE4D-4BE4-96D5-45721F42E223}
		{4EE6C553-A603-4977-9BC0-F51A55217C2E} = {6732037E-FE4D-4BE4-96D5-45721F42E223}
		{DFDCB422-30F6-4F1E-B5B1-E0DC0E8F0ECA} = {6732037E-FE4D-4BE4-96D5-45721F42E223}
		{686CB7C3-62DD-4EA2-9348-6C86840937BD} = {6732037E-FE4D-4BE4-96D5-45721F42E223}
	EndGlobalSection
EndGlobal
